#MicroXplorer Configuration settings - do not modify
ADC.Channel-0\#ChannelRegularConversion=ADC_CHANNEL_10
ADC.Channel-1\#ChannelRegularConversion=ADC_CHANNEL_15
ADC.Channel-2\#ChannelRegularConversion=ADC_CHANNEL_11
ADC.Channel-3\#ChannelRegularConversion=ADC_CHANNEL_12
ADC.Channel-4\#ChannelRegularConversion=ADC_CHANNEL_13
ADC.Channel-5\#ChannelRegularConversion=ADC_CHANNEL_VREFINT
ADC.ContinuousConvMode=ENABLE
ADC.DMAContinuousRequests=ENABLE
ADC.IPParameters=Rank-0\#ChannelRegularConversion,Channel-0\#ChannelRegularConversion,SamplingTime-0\#ChannelRegularConversion,NbrOfConversionFlag,Rank-1\#ChannelRegularConversion,Channel-1\#ChannelRegularConversion,SamplingTime-1\#ChannelRegularConversion,NbrOfConversion,ScanConvMode,ContinuousConvMode,DMAContinuousRequests,Rank-2\#ChannelRegularConversion,Channel-2\#ChannelRegularConversion,SamplingTime-2\#ChannelRegularConversion,Rank-3\#ChannelRegularConversion,Channel-3\#ChannelRegularConversion,SamplingTime-3\#ChannelRegularConversion,Rank-4\#ChannelRegularConversion,Channel-4\#ChannelRegularConversion,SamplingTime-4\#ChannelRegularConversion,Rank-5\#ChannelRegularConversion,Channel-5\#ChannelRegularConversion,SamplingTime-5\#ChannelRegularConversion
ADC.NbrOfConversion=6
ADC.NbrOfConversionFlag=1
ADC.Rank-0\#ChannelRegularConversion=1
ADC.Rank-1\#ChannelRegularConversion=2
ADC.Rank-2\#ChannelRegularConversion=3
ADC.Rank-3\#ChannelRegularConversion=4
ADC.Rank-4\#ChannelRegularConversion=5
ADC.Rank-5\#ChannelRegularConversion=6
ADC.SamplingTime-0\#ChannelRegularConversion=ADC_SAMPLETIME_192CYCLES
ADC.SamplingTime-1\#ChannelRegularConversion=ADC_SAMPLETIME_192CYCLES
ADC.SamplingTime-2\#ChannelRegularConversion=ADC_SAMPLETIME_192CYCLES
ADC.SamplingTime-3\#ChannelRegularConversion=ADC_SAMPLETIME_192CYCLES
ADC.SamplingTime-4\#ChannelRegularConversion=ADC_SAMPLETIME_192CYCLES
ADC.SamplingTime-5\#ChannelRegularConversion=ADC_SAMPLETIME_192CYCLES
ADC.ScanConvMode=ADC_SCAN_ENABLE
CAD.formats=
CAD.pinconfig=
CAD.provider=
Dma.ADC.0.Direction=DMA_PERIPH_TO_MEMORY
Dma.ADC.0.Instance=DMA1_Channel1
Dma.ADC.0.MemDataAlignment=DMA_MDATAALIGN_HALFWORD
Dma.ADC.0.MemInc=DMA_MINC_ENABLE
Dma.ADC.0.Mode=DMA_CIRCULAR
Dma.ADC.0.PeriphDataAlignment=DMA_PDATAALIGN_HALFWORD
Dma.ADC.0.PeriphInc=DMA_PINC_DISABLE
Dma.ADC.0.Priority=DMA_PRIORITY_LOW
Dma.ADC.0.RequestParameters=Instance,Direction,PeriphInc,MemInc,PeriphDataAlignment,MemDataAlignment,Mode,Priority
Dma.Request0=ADC
Dma.Request1=USART3_RX
Dma.Request2=USART2_RX
Dma.RequestsNb=3
Dma.USART2_RX.2.Direction=DMA_PERIPH_TO_MEMORY
Dma.USART2_RX.2.Instance=DMA1_Channel6
Dma.USART2_RX.2.MemDataAlignment=DMA_MDATAALIGN_BYTE
Dma.USART2_RX.2.MemInc=DMA_MINC_ENABLE
Dma.USART2_RX.2.Mode=DMA_CIRCULAR
Dma.USART2_RX.2.PeriphDataAlignment=DMA_PDATAALIGN_BYTE
Dma.USART2_RX.2.PeriphInc=DMA_PINC_DISABLE
Dma.USART2_RX.2.Priority=DMA_PRIORITY_LOW
Dma.USART2_RX.2.RequestParameters=Instance,Direction,PeriphInc,MemInc,PeriphDataAlignment,MemDataAlignment,Mode,Priority
Dma.USART3_RX.1.Direction=DMA_PERIPH_TO_MEMORY
Dma.USART3_RX.1.Instance=DMA1_Channel3
Dma.USART3_RX.1.MemDataAlignment=DMA_MDATAALIGN_BYTE
Dma.USART3_RX.1.MemInc=DMA_MINC_ENABLE
Dma.USART3_RX.1.Mode=DMA_CIRCULAR
Dma.USART3_RX.1.PeriphDataAlignment=DMA_PDATAALIGN_BYTE
Dma.USART3_RX.1.PeriphInc=DMA_PINC_DISABLE
Dma.USART3_RX.1.Priority=DMA_PRIORITY_LOW
Dma.USART3_RX.1.RequestParameters=Instance,Direction,PeriphInc,MemInc,PeriphDataAlignment,MemDataAlignment,Mode,Priority
File.Version=6
GPIO.groupedBy=Group By Peripherals
IWDG.IPParameters=Prescaler
IWDG.Prescaler=IWDG_PRESCALER_256
KeepUserPlacement=false
Mcu.CPN=STM32L151RCT6
Mcu.Family=STM32L1
Mcu.IP0=ADC
Mcu.IP1=DMA
Mcu.IP10=TIM4
Mcu.IP11=TIM5
Mcu.IP12=TIM10
Mcu.IP13=TIM11
Mcu.IP14=USART2
Mcu.IP15=USART3
Mcu.IP2=IWDG
Mcu.IP3=NVIC
Mcu.IP4=RCC
Mcu.IP5=SPI1
Mcu.IP6=SPI2
Mcu.IP7=SYS
Mcu.IP8=TIM2
Mcu.IP9=TIM3
Mcu.IPNb=16
Mcu.Name=STM32L151RCTx
Mcu.Package=LQFP64
Mcu.Pin0=PC0
Mcu.Pin1=PC1
Mcu.Pin10=PA6
Mcu.Pin11=PA7
Mcu.Pin12=PC4
Mcu.Pin13=PC5
Mcu.Pin14=PB0
Mcu.Pin15=PB1
Mcu.Pin16=PB2
Mcu.Pin17=PB10
Mcu.Pin18=PB11
Mcu.Pin19=PB12
Mcu.Pin2=PC2
Mcu.Pin20=PB13
Mcu.Pin21=PB14
Mcu.Pin22=PB15
Mcu.Pin23=PC6
Mcu.Pin24=PC7
Mcu.Pin25=PC8
Mcu.Pin26=PC9
Mcu.Pin27=PA10
Mcu.Pin28=PA11
Mcu.Pin29=PA12
Mcu.Pin3=PC3
Mcu.Pin30=PA13
Mcu.Pin31=PA14
Mcu.Pin32=PA15
Mcu.Pin33=PC10
Mcu.Pin34=PC11
Mcu.Pin35=PB3
Mcu.Pin36=PB4
Mcu.Pin37=PB5
Mcu.Pin38=PB6
Mcu.Pin39=PB7
Mcu.Pin4=PA0-WKUP1
Mcu.Pin40=PB9
Mcu.Pin41=VP_ADC_Vref_Input
Mcu.Pin42=VP_IWDG_VS_IWDG
Mcu.Pin43=VP_SYS_VS_Systick
Mcu.Pin44=VP_TIM3_VS_ClockSourceINT
Mcu.Pin45=VP_TIM5_VS_ClockSourceINT
Mcu.Pin46=VP_TIM10_VS_ClockSourceINT
Mcu.Pin47=VP_TIM11_VS_ClockSourceINT
Mcu.Pin5=PA1
Mcu.Pin6=PA2
Mcu.Pin7=PA3
Mcu.Pin8=PA4
Mcu.Pin9=PA5
Mcu.PinsNb=48
Mcu.ThirdPartyNb=0
Mcu.UserConstants=
Mcu.UserName=STM32L151RCTx
MxCube.Version=6.7.0
MxDb.Version=DB.6.0.70
NVIC.BusFault_IRQn=true\:0\:0\:false\:false\:true\:false\:false\:false
NVIC.DMA1_Channel1_IRQn=true\:0\:0\:false\:false\:true\:false\:true\:true
NVIC.DMA1_Channel3_IRQn=true\:0\:0\:false\:false\:true\:false\:true\:true
NVIC.DMA1_Channel6_IRQn=true\:0\:0\:false\:false\:true\:false\:true\:true
NVIC.DebugMonitor_IRQn=true\:0\:0\:false\:false\:true\:false\:false\:false
NVIC.EXTI15_10_IRQn=true\:0\:0\:false\:false\:true\:true\:true\:true
NVIC.ForceEnableDMAVector=true
NVIC.HardFault_IRQn=true\:0\:0\:false\:false\:true\:false\:false\:false
NVIC.MemoryManagement_IRQn=true\:0\:0\:false\:false\:true\:false\:false\:false
NVIC.NonMaskableInt_IRQn=true\:0\:0\:false\:false\:true\:false\:false\:false
NVIC.PendSV_IRQn=true\:0\:0\:false\:false\:true\:false\:false\:false
NVIC.PriorityGroup=NVIC_PRIORITYGROUP_4
NVIC.SPI1_IRQn=true\:0\:0\:false\:false\:true\:true\:true\:true
NVIC.SVC_IRQn=true\:0\:0\:false\:false\:true\:false\:false\:true
NVIC.SysTick_IRQn=true\:15\:0\:false\:false\:true\:false\:true\:false
NVIC.TIM4_IRQn=true\:0\:0\:false\:false\:true\:true\:true\:true
NVIC.TIM5_IRQn=true\:0\:0\:false\:false\:true\:true\:true\:true
NVIC.USART2_IRQn=true\:0\:0\:false\:false\:true\:true\:true\:true
NVIC.USART3_IRQn=true\:0\:0\:false\:false\:true\:true\:true\:true
NVIC.UsageFault_IRQn=true\:0\:0\:false\:false\:true\:false\:false\:false
PA0-WKUP1.GPIOParameters=GPIO_Label
PA0-WKUP1.GPIO_Label=ENC2A
PA0-WKUP1.Signal=S_TIM2_CH1_ETR
PA1.GPIOParameters=GPIO_Label
PA1.GPIO_Label=ENC2B
PA1.Signal=S_TIM2_CH2
PA10.GPIOParameters=GPIO_PuPd,GPIO_Label
PA10.GPIO_Label=RFID_IRQ
PA10.GPIO_PuPd=GPIO_PULLUP
PA10.Locked=true
PA10.Signal=GPXTI10
PA11.GPIOParameters=GPIO_Label
PA11.GPIO_Label=M1
PA11.Locked=true
PA11.Signal=GPIO_Output
PA12.GPIOParameters=GPIO_Label
PA12.GPIO_Label=LED
PA12.Locked=true
PA12.Mode=TX_Only_Simplex_Unidirect_Master
PA12.Signal=SPI1_MOSI
PA13.Locked=true
PA13.Mode=Serial_Wire
PA13.Signal=SYS_JTMS-SWDIO
PA14.Locked=true
PA14.Mode=Serial_Wire
PA14.Signal=SYS_JTCK-SWCLK
PA15.GPIOParameters=GPIO_PuPd,GPIO_Label,GPIO_ModeDefaultEXTI
PA15.GPIO_Label=SW1
PA15.GPIO_ModeDefaultEXTI=GPIO_MODE_IT_RISING
PA15.GPIO_PuPd=GPIO_PULLUP
PA15.Locked=true
PA15.Signal=GPXTI15
PA2.Locked=true
PA2.Mode=Asynchronous
PA2.Signal=USART2_TX
PA3.Locked=true
PA3.Mode=Asynchronous
PA3.Signal=USART2_RX
PA4.GPIOParameters=GPIO_Label
PA4.GPIO_Label=LCDATA
PA4.Locked=true
PA4.Signal=GPIO_Input
PA5.GPIOParameters=GPIO_Label
PA5.GPIO_Label=LCCLK
PA5.Locked=true
PA5.Signal=GPIO_Output
PA6.GPIOParameters=GPIO_Label
PA6.GPIO_Label=M3A
PA6.Locked=true
PA6.Signal=S_TIM10_CH1
PA7.GPIOParameters=GPIO_Label
PA7.GPIO_Label=M3B
PA7.Locked=true
PA7.Signal=S_TIM11_CH1
PB0.GPIOParameters=GPIO_Label
PB0.GPIO_Label=M2A
PB0.Locked=true
PB0.Signal=S_TIM3_CH3
PB1.GPIOParameters=GPIO_Label
PB1.GPIO_Label=M2B
PB1.Locked=true
PB1.Signal=S_TIM3_CH4
PB10.Mode=Asynchronous
PB10.Signal=USART3_TX
PB11.Mode=Asynchronous
PB11.Signal=USART3_RX
PB12.GPIOParameters=GPIO_Label
PB12.GPIO_Label=SPI2_NSS
PB12.Locked=true
PB12.Signal=GPIO_Output
PB13.Mode=Full_Duplex_Master
PB13.Signal=SPI2_SCK
PB14.Mode=Full_Duplex_Master
PB14.Signal=SPI2_MISO
PB15.Locked=true
PB15.Mode=Full_Duplex_Master
PB15.Signal=SPI2_MOSI
PB2.GPIOParameters=GPIO_PuPd,GPIO_Label
PB2.GPIO_Label=HW0
PB2.GPIO_PuPd=GPIO_PULLUP
PB2.Locked=true
PB2.Signal=GPIO_Input
PB3.Locked=true
PB3.Mode=TX_Only_Simplex_Unidirect_Master
PB3.Signal=SPI1_SCK
PB4.GPIOParameters=GPIO_PuPd,GPIO_Label
PB4.GPIO_Label=SW4
PB4.GPIO_PuPd=GPIO_PULLUP
PB4.Locked=true
PB4.Signal=GPIO_Input
PB5.GPIOParameters=GPIO_PuPd,GPIO_Label
PB5.GPIO_Label=ENC1A
PB5.GPIO_PuPd=GPIO_PULLUP
PB5.Locked=true
PB5.Signal=GPXTI5
PB6.GPIOParameters=GPIO_Label
PB6.GPIO_Label=ENC3B
PB6.Locked=true
PB6.Signal=S_TIM4_CH1
PB7.GPIOParameters=GPIO_Label
PB7.GPIO_Label=ENC3A
PB7.Locked=true
PB7.Signal=S_TIM4_CH2
PB9.GPIOParameters=GPIO_PuPd,GPIO_Label
PB9.GPIO_Label=ENC1B
PB9.GPIO_PuPd=GPIO_PULLUP
PB9.Locked=true
PB9.Signal=GPXTI9
PC0.GPIOParameters=GPIO_Label
PC0.GPIO_Label=NTC1
PC0.Locked=true
PC0.Mode=IN10
PC0.Signal=ADC_IN10
PC1.GPIOParameters=GPIO_Label
PC1.GPIO_Label=SW5
PC1.Locked=true
PC1.Mode=IN11
PC1.Signal=ADC_IN11
PC10.GPIOParameters=GPIO_PuPd,GPIO_Label
PC10.GPIO_Label=SW2
PC10.GPIO_PuPd=GPIO_PULLUP
PC10.Locked=true
PC10.Signal=GPIO_Input
PC11.GPIOParameters=GPIO_PuPd,GPIO_Label
PC11.GPIO_Label=SW3
PC11.GPIO_PuPd=GPIO_PULLUP
PC11.Locked=true
PC11.Signal=GPIO_Input
PC2.GPIOParameters=GPIO_Label
PC2.GPIO_Label=SW6
PC2.Locked=true
PC2.Mode=IN12
PC2.Signal=ADC_IN12
PC3.GPIOParameters=GPIO_Label
PC3.GPIO_Label=SW7
PC3.Locked=true
PC3.Mode=IN13
PC3.Signal=ADC_IN13
PC4.GPIOParameters=GPIO_PuPd,GPIO_Label
PC4.GPIO_Label=HW1
PC4.GPIO_PuPd=GPIO_PULLUP
PC4.Locked=true
PC4.Signal=GPIO_Input
PC5.GPIOParameters=GPIO_Label
PC5.GPIO_Label=CUR1
PC5.Locked=true
PC5.Mode=IN15
PC5.Signal=ADC_IN15
PC6.GPIOParameters=GPIO_PuPd,GPIO_Label
PC6.GPIO_Label=HW3
PC6.GPIO_PuPd=GPIO_PULLUP
PC6.Locked=true
PC6.Signal=GPIO_Input
PC7.GPIOParameters=GPIO_PuPd,GPIO_Label
PC7.GPIO_Label=HW2
PC7.GPIO_PuPd=GPIO_PULLUP
PC7.Locked=true
PC7.Signal=GPIO_Input
PC8.GPIOParameters=GPIO_PuPd,GPIO_Label
PC8.GPIO_Label=CONN
PC8.GPIO_PuPd=GPIO_PULLUP
PC8.Locked=true
PC8.Signal=GPIO_Input
PC9.GPIOParameters=GPIO_Label
PC9.GPIO_Label=RFID_RES
PC9.Locked=true
PC9.Signal=GPIO_Output
PinOutPanel.RotationAngle=0
ProjectManager.AskForMigrate=true
ProjectManager.BackupPrevious=true
ProjectManager.CompilerOptimize=6
ProjectManager.ComputerToolchain=false
ProjectManager.CoupleFile=true
ProjectManager.CustomerFirmwarePackage=
ProjectManager.DefaultFWLocation=true
ProjectManager.DeletePrevious=true
ProjectManager.DeviceId=STM32L151RCTx
ProjectManager.FirmwarePackage=STM32Cube FW_L1 V1.10.3
ProjectManager.FreePins=false
ProjectManager.HalAssertFull=false
ProjectManager.HeapSize=0x200
ProjectManager.KeepUserCode=true
ProjectManager.LastFirmware=true
ProjectManager.LibraryCopy=1
ProjectManager.MainLocation=Core/Src
ProjectManager.NoMain=false
ProjectManager.PreviousToolchain=STM32CubeIDE
ProjectManager.ProjectBuild=false
ProjectManager.ProjectFileName=80482201 - Grinder.ioc
ProjectManager.ProjectName=80482201 - Grinder
ProjectManager.RegisterCallBack=
ProjectManager.StackSize=0x400
ProjectManager.TargetToolchain=STM32CubeIDE
ProjectManager.ToolChainLocation=
ProjectManager.UnderRoot=true
ProjectManager.functionlistsort=1-SystemClock_Config-RCC-false-HAL-false,2-MX_GPIO_Init-GPIO-false-HAL-true,3-MX_DMA_Init-DMA-false-HAL-true,4-MX_USART2_UART_Init-USART2-true-HAL-true,5-MX_ADC_Init-ADC-false-HAL-true,6-MX_SPI2_Init-SPI2-false-HAL-true,7-MX_TIM3_Init-TIM3-false-HAL-true,8-MX_USART3_UART_Init-USART3-true-HAL-true,9-MX_SPI1_Init-SPI1-false-HAL-true,10-MX_TIM4_Init-TIM4-false-HAL-true,11-MX_TIM2_Init-TIM2-false-HAL-true,12-MX_TIM10_Init-TIM10-false-HAL-true,13-MX_TIM11_Init-TIM11-false-HAL-true,14-MX_TIM5_Init-TIM5-false-HAL-true,15-MX_IWDG_Init-IWDG-false-HAL-true
RCC.48MHZClocksFreq_Value=32000000
RCC.AHBFreq_Value=32000000
RCC.APB1Freq_Value=32000000
RCC.APB1TimFreq_Value=32000000
RCC.APB2Freq_Value=32000000
RCC.APB2TimFreq_Value=32000000
RCC.FCLKCortexFreq_Value=32000000
RCC.FamilyName=M
RCC.HCLKFreq_Value=32000000
RCC.HSE_VALUE=8000000
RCC.HSI_VALUE=16000000
RCC.IPParameters=48MHZClocksFreq_Value,AHBFreq_Value,APB1Freq_Value,APB1TimFreq_Value,APB2Freq_Value,APB2TimFreq_Value,FCLKCortexFreq_Value,FamilyName,HCLKFreq_Value,HSE_VALUE,HSI_VALUE,LSE_VALUE,LSI_VALUE,MCOPinFreq_Value,MSI_VALUE,PLLCLKFreq_Value,PLLMUL,PWRFreq_Value,RTCFreq_Value,RTCHSEDivFreq_Value,SYSCLKFreq_VALUE,SYSCLKSource,TIMFreq_Value,TimerFreq_Value,VCOInputFreq_Value,VCOOutputFreq_Value
RCC.LSE_VALUE=32768
RCC.LSI_VALUE=37000
RCC.MCOPinFreq_Value=32000000
RCC.MSI_VALUE=2097000
RCC.PLLCLKFreq_Value=32000000
RCC.PLLMUL=RCC_PLL_MUL4
RCC.PWRFreq_Value=32000000
RCC.RTCFreq_Value=37000
RCC.RTCHSEDivFreq_Value=4000000
RCC.SYSCLKFreq_VALUE=32000000
RCC.SYSCLKSource=RCC_SYSCLKSOURCE_PLLCLK
RCC.TIMFreq_Value=32000000
RCC.TimerFreq_Value=32000000
RCC.VCOInputFreq_Value=16000000
RCC.VCOOutputFreq_Value=64000000
SH.GPXTI10.0=GPIO_EXTI10
SH.GPXTI10.ConfNb=1
SH.GPXTI15.0=GPIO_EXTI15
SH.GPXTI15.ConfNb=1
SH.GPXTI5.0=GPIO_EXTI5
SH.GPXTI5.ConfNb=1
SH.GPXTI9.0=GPIO_EXTI9
SH.GPXTI9.ConfNb=1
SH.S_TIM10_CH1.0=TIM10_CH1,PWM Generation1 CH1
SH.S_TIM10_CH1.ConfNb=1
SH.S_TIM11_CH1.0=TIM11_CH1,PWM Generation1 CH1
SH.S_TIM11_CH1.ConfNb=1
SH.S_TIM2_CH1_ETR.0=TIM2_CH1,Encoder_Interface
SH.S_TIM2_CH1_ETR.ConfNb=1
SH.S_TIM2_CH2.0=TIM2_CH2,Encoder_Interface
SH.S_TIM2_CH2.ConfNb=1
SH.S_TIM3_CH3.0=TIM3_CH3,PWM Generation3 CH3
SH.S_TIM3_CH3.ConfNb=1
SH.S_TIM3_CH4.0=TIM3_CH4,PWM Generation4 CH4
SH.S_TIM3_CH4.ConfNb=1
SH.S_TIM4_CH1.0=TIM4_CH1,Encoder_Interface
SH.S_TIM4_CH1.ConfNb=1
SH.S_TIM4_CH2.0=TIM4_CH2,Encoder_Interface
SH.S_TIM4_CH2.ConfNb=1
SPI1.CLKPhase=SPI_PHASE_2EDGE
SPI1.CalculateBaudRate=16.0 MBits/s
SPI1.Direction=SPI_DIRECTION_2LINES
SPI1.IPParameters=VirtualType,Mode,Direction,CalculateBaudRate,CLKPhase
SPI1.Mode=SPI_MODE_MASTER
SPI1.VirtualType=VM_MASTER
SPI2.BaudRatePrescaler=SPI_BAUDRATEPRESCALER_4
SPI2.CalculateBaudRate=8.0 MBits/s
SPI2.Direction=SPI_DIRECTION_2LINES
SPI2.IPParameters=VirtualType,Mode,Direction,CalculateBaudRate,BaudRatePrescaler
SPI2.Mode=SPI_MODE_MASTER
SPI2.VirtualType=VM_MASTER
TIM10.Channel=TIM_CHANNEL_1
TIM10.IPParameters=Prescaler,Period,Channel
TIM10.Period=99
TIM10.Prescaler=15
TIM11.Channel=TIM_CHANNEL_1
TIM11.IPParameters=Prescaler,Period,Channel
TIM11.Period=99
TIM11.Prescaler=15
TIM3.Channel-PWM\ Generation3\ CH3=TIM_CHANNEL_3
TIM3.Channel-PWM\ Generation4\ CH4=TIM_CHANNEL_4
TIM3.IPParameters=Prescaler,Period,Channel-PWM Generation3 CH3,Channel-PWM Generation4 CH4
TIM3.Period=20000
TIM3.Prescaler=31
TIM4.IPParameters=Prescaler,Period
TIM4.Period=65535
TIM4.Prescaler=0
TIM5.IPParameters=Prescaler,TIM_MasterOutputTrigger
TIM5.Prescaler=31
TIM5.TIM_MasterOutputTrigger=TIM_TRGO_UPDATE
USART2.IPParameters=VirtualMode
USART2.VirtualMode=VM_ASYNC
USART3.IPParameters=VirtualMode
USART3.VirtualMode=VM_ASYNC
VP_ADC_Vref_Input.Mode=IN-Vrefint
VP_ADC_Vref_Input.Signal=ADC_Vref_Input
VP_IWDG_VS_IWDG.Mode=IWDG_Activate
VP_IWDG_VS_IWDG.Signal=IWDG_VS_IWDG
VP_SYS_VS_Systick.Mode=SysTick
VP_SYS_VS_Systick.Signal=SYS_VS_Systick
VP_TIM10_VS_ClockSourceINT.Mode=Internal
VP_TIM10_VS_ClockSourceINT.Signal=TIM10_VS_ClockSourceINT
VP_TIM11_VS_ClockSourceINT.Mode=Internal
VP_TIM11_VS_ClockSourceINT.Signal=TIM11_VS_ClockSourceINT
VP_TIM3_VS_ClockSourceINT.Mode=Internal
VP_TIM3_VS_ClockSourceINT.Signal=TIM3_VS_ClockSourceINT
VP_TIM5_VS_ClockSourceINT.Mode=Internal
VP_TIM5_VS_ClockSourceINT.Signal=TIM5_VS_ClockSourceINT
board=custom
isbadioc=false
